
Microsoft Visual Studio Solution File, Format Version 12.00
# Visual Studio Version 16
VisualStudioVersion = 16.0.30114.105
MinimumVisualStudioVersion = 10.0.40219.1
Project("{9A19103F-16F7-4668-BE54-9A1E7A4F7556}") = "IDensity.Core", "HMI_Плотномер\IDensity.Core.csproj", "{C9C69E2B-AA1A-4E56-98A6-AA6470D781AB}"
EndProject
Project("{9A19103F-16F7-4668-BE54-9A1E7A4F7556}") = "VeryImportantAlgortim", "VeryImportantAlgortim\VeryImportantAlgortim.csproj", "{B8934208-2AB9-4BD6-B2C2-8063FCE1BD32}"
EndProject
Project("{9A19103F-16F7-4668-BE54-9A1E7A4F7556}") = "IDensity.DataAccess", "IDensity.DataAccess\IDensity.DataAccess.csproj", "{50349964-70D2-4711-86BB-74137A0A8E47}"
EndProject
Global
	GlobalSection(SolutionConfigurationPlatforms) = preSolution
		Debug|Any CPU = Debug|Any CPU
		Release|Any CPU = Release|Any CPU
	EndGlobalSection
	GlobalSection(ProjectConfigurationPlatforms) = postSolution
		{C9C69E2B-AA1A-4E56-98A6-AA6470D781AB}.Debug|Any CPU.ActiveCfg = Debug|Any CPU
		{C9C69E2B-AA1A-4E56-98A6-AA6470D781AB}.Debug|Any CPU.Build.0 = Debug|Any CPU
		{C9C69E2B-AA1A-4E56-98A6-AA6470D781AB}.Release|Any CPU.ActiveCfg = Release|Any CPU
		{C9C69E2B-AA1A-4E56-98A6-AA6470D781AB}.Release|Any CPU.Build.0 = Release|Any CPU
		{B8934208-2AB9-4BD6-B2C2-8063FCE1BD32}.Debug|Any CPU.ActiveCfg = Debug|Any CPU
		{B8934208-2AB9-4BD6-B2C2-8063FCE1BD32}.Debug|Any CPU.Build.0 = Debug|Any CPU
		{B8934208-2AB9-4BD6-B2C2-8063FCE1BD32}.Release|Any CPU.ActiveCfg = Release|Any CPU
		{B8934208-2AB9-4BD6-B2C2-8063FCE1BD32}.Release|Any CPU.Build.0 = Release|Any CPU
		{50349964-70D2-4711-86BB-74137A0A8E47}.Debug|Any CPU.ActiveCfg = Debug|Any CPU
		{50349964-70D2-4711-86BB-74137A0A8E47}.Debug|Any CPU.Build.0 = Debug|Any CPU
		{50349964-70D2-4711-86BB-74137A0A8E47}.Release|Any CPU.ActiveCfg = Release|Any CPU
		{50349964-70D2-4711-86BB-74137A0A8E47}.Release|Any CPU.Build.0 = Release|Any CPU
	EndGlobalSection
	GlobalSection(SolutionProperties) = preSolution
		HideSolutionNode = FALSE
	EndGlobalSection
	GlobalSection(ExtensibilityGlobals) = postSolution
		SolutionGuid = {572D90E7-99D6-40B3-B2DE-CBC3C22111DD}
	EndGlobalSection
EndGlobal
